
Microsoft Visual Studio Solution File, Format Version 12.00
# Visual Studio Version 17
VisualStudioVersion = 17.7.34221.43
MinimumVisualStudioVersion = 10.0.40219.1
Project("{FAE04EC0-301F-11D3-BF4B-00C04F79EFBC}") = "CheshkaWatchDog", "CheshkaWatchDog.csproj", "{93135B60-48E0-4F4B-889E-93189319A543}"
EndProject
Project("{54435603-DBB4-11D2-8724-00A0C9A8B90C}") = "SetupCheshkaWatchdog", "SetupCheshkaWatchdog\SetupCheshkaWatchdog.vdproj", "{ADC1BABC-C86C-4E71-AC06-971D4765DCB6}"
EndProject
Global
	GlobalSection(SolutionConfigurationPlatforms) = preSolution
		Debug|Any CPU = Debug|Any CPU
		Release|Any CPU = Release|Any CPU
	EndGlobalSection
	GlobalSection(ProjectConfigurationPlatforms) = postSolution
		{93135B60-48E0-4F4B-889E-93189319A543}.Debug|Any CPU.ActiveCfg = Debug|Any CPU
		{93135B60-48E0-4F4B-889E-93189319A543}.Debug|Any CPU.Build.0 = Debug|Any CPU
		{93135B60-48E0-4F4B-889E-93189319A543}.Release|Any CPU.ActiveCfg = Release|Any CPU
		{93135B60-48E0-4F4B-889E-93189319A543}.Release|Any CPU.Build.0 = Release|Any CPU
		{ADC1BABC-C86C-4E71-AC06-971D4765DCB6}.Debug|Any CPU.ActiveCfg = Debug
		{ADC1BABC-C86C-4E71-AC06-971D4765DCB6}.Release|Any CPU.ActiveCfg = Release
	EndGlobalSection
	GlobalSection(SolutionProperties) = preSolution
		HideSolutionNode = FALSE
	EndGlobalSection
	GlobalSection(ExtensibilityGlobals) = postSolution
		SolutionGuid = {E1202CAF-FD06-483E-9BFC-DE9749D94BEF}
	EndGlobalSection
EndGlobal
